# This file was autogenerated by Stack.
# You should not edit this file by hand.
# For more information, please see the documentation at:
#   https://docs.haskellstack.org/en/stable/lock_files

packages: []
snapshots:
- completed:
    size: 422971
    url: https://raw.githubusercontent.com/commercialhaskell/stackage-snapshots/master/lts/7/16.yaml
    sha256: 43c44370c9cdc3836e36593d3cfdd26be9928e47f0f296e41ed90bfcabb94711
  original: lts-7.16
